schema: '2.0'
stages:
  preprocess:
    cmd: python Scripts/Preprocessing.py
    deps:
    - path: Data/Raw/
      hash: md5
      md5: 0aed70582f25c0093db74050d9581814.dir
      size: 79499721
      nfiles: 3
    - path: Scripts/Preprocessing.py
      hash: md5
      md5: d8389007eaa5529dcd2330fbfe41446b
      size: 6553
    outs:
    - path: Data/Processed/X_test_clean.csv
      hash: md5
      md5: a9a08c1efa978d864a1307d25c8c7f04
      size: 110295032
    - path: Data/Processed/X_train_clean.csv
      hash: md5
      md5: 1b3e3ef41d7c8449d364dc1aa4a258d0
      size: 441181293
    - path: Data/Processed/Y_test_clean.csv
      hash: md5
      md5: bf9f8a0d444d3f22dd12b8ed8902e1e1
      size: 748067
    - path: Data/Processed/Y_train_clean.csv
      hash: md5
      md5: 94e1fb216fb1c171c1538a9a88d35bce
      size: 2992827
  track_data:
    cmd: echo 'Tracking data files'
    outs:
    - path: data/features/feature_analysis.png
      hash: md5
      md5: 9706d80f3bb9843ee76712a7a53313e5
      size: 2027431
      isexec: true
    - path: data/features/feature_importance_details.csv
      hash: md5
      md5: 1fdc86c39929dee45c909193aa8c1cd5
      size: 1560
      isexec: true
    - path: data/features/feature_report.md
      hash: md5
      md5: 5329dd995da39db916895aed6efb1f25
      size: 16744
      isexec: true
    - path: data/features/feature_summary.csv
      hash: md5
      md5: 965dc0ee5b9cc7fdbe40cfd40c1850e4
      size: 16331
      isexec: true
    - path: data/final/X_test.csv
      hash: md5
      md5: 74a0300e2ad147bcebd70b98ed538309
      size: 31693182
      isexec: true
    - path: data/final/X_train.csv
      hash: md5
      md5: cd49e45c7d0c7b12532d6ad08716ec7f
      size: 125061093
      isexec: true
    - path: data/final/y_test.csv
      hash: md5
      md5: 4b73ad5451f9a5a68e4b42ddbf97f47e
      size: 321878
      isexec: true
    - path: data/final/y_train.csv
      hash: md5
      md5: f3c6ac783ace70774f71998f4e7f394d
      size: 1287570
      isexec: true
    - path: data/processed/clean/X_test_clean.csv
      hash: md5
      md5: 363cefee810a0b5d6bafbb8b6af71631
      size: 25558794
      isexec: true
    - path: data/processed/clean/X_train_clean.csv
      hash: md5
      md5: 93f52efba79bee0bd1c474aeef76028d
      size: 102270966
      isexec: true
    - path: data/processed/clean/y_test_clean.csv
      hash: md5
      md5: 4b73ad5451f9a5a68e4b42ddbf97f47e
      size: 321878
      isexec: true
    - path: data/processed/clean/y_train_clean.csv
      hash: md5
      md5: f3c6ac783ace70774f71998f4e7f394d
      size: 1287570
      isexec: true
    - path: data/processed/engineered/X_test_engineered.csv
      hash: md5
      md5: 38a3f4afdf0544f88564e9bef563b298
      size: 31697341
      isexec: true
    - path: data/processed/engineered/X_train_engineered.csv
      hash: md5
      md5: 52d9c1fa0e998c38ff9576d8bebe54bf
      size: 125078447
      isexec: true
    - path: data/raw/boston_2025.csv
      hash: md5
      md5: 3297e005d6bd6c141d601f0b5528067c
      size: 108865401
      isexec: true
